
Microsoft Visual Studio Solution File, Format Version 12.00
# Visual Studio Version 17
VisualStudioVersion = 17.0.32014.148
MinimumVisualStudioVersion = 10.0.40219.1
Project("{9A19103F-16F7-4668-BE54-9A1E7A4F7556}") = "VDew.DomainDrivenDesign.Domain", "VDew.DomainDrivenDesign.Domain\VDew.DomainDrivenDesign.Domain.csproj", "{8E691DCA-914B-4769-907B-3B717D102DCE}"
EndProject
Project("{FAE04EC0-301F-11D3-BF4B-00C04F79EFBC}") = "VDew.DomainDrivenDesign.Application", "VDew.DomainDrivenDesign.Application\VDew.DomainDrivenDesign.Application.csproj", "{FA5AE2D5-A986-4B9E-A238-07B518944E4E}"
EndProject
Project("{FAE04EC0-301F-11D3-BF4B-00C04F79EFBC}") = "VDew.DomainDrivenDesign.Infrastructure", "VDew.DomainDrivenDesign.Infrastructure\VDew.DomainDrivenDesign.Infrastructure.csproj", "{1ED4E40C-98E9-479F-AC32-25A265D96BF2}"
EndProject
Global
	GlobalSection(SolutionConfigurationPlatforms) = preSolution
		Debug|Any CPU = Debug|Any CPU
		Release|Any CPU = Release|Any CPU
	EndGlobalSection
	GlobalSection(ProjectConfigurationPlatforms) = postSolution
		{8E691DCA-914B-4769-907B-3B717D102DCE}.Debug|Any CPU.ActiveCfg = Debug|Any CPU
		{8E691DCA-914B-4769-907B-3B717D102DCE}.Debug|Any CPU.Build.0 = Debug|Any CPU
		{8E691DCA-914B-4769-907B-3B717D102DCE}.Release|Any CPU.ActiveCfg = Release|Any CPU
		{8E691DCA-914B-4769-907B-3B717D102DCE}.Release|Any CPU.Build.0 = Release|Any CPU
		{FA5AE2D5-A986-4B9E-A238-07B518944E4E}.Debug|Any CPU.ActiveCfg = Debug|Any CPU
		{FA5AE2D5-A986-4B9E-A238-07B518944E4E}.Debug|Any CPU.Build.0 = Debug|Any CPU
		{FA5AE2D5-A986-4B9E-A238-07B518944E4E}.Release|Any CPU.ActiveCfg = Release|Any CPU
		{FA5AE2D5-A986-4B9E-A238-07B518944E4E}.Release|Any CPU.Build.0 = Release|Any CPU
		{1ED4E40C-98E9-479F-AC32-25A265D96BF2}.Debug|Any CPU.ActiveCfg = Debug|Any CPU
		{1ED4E40C-98E9-479F-AC32-25A265D96BF2}.Debug|Any CPU.Build.0 = Debug|Any CPU
		{1ED4E40C-98E9-479F-AC32-25A265D96BF2}.Release|Any CPU.ActiveCfg = Release|Any CPU
		{1ED4E40C-98E9-479F-AC32-25A265D96BF2}.Release|Any CPU.Build.0 = Release|Any CPU
	EndGlobalSection
	GlobalSection(SolutionProperties) = preSolution
		HideSolutionNode = FALSE
	EndGlobalSection
	GlobalSection(ExtensibilityGlobals) = postSolution
		SolutionGuid = {F70AD684-ADCF-43F4-8CE8-1E8EBFB7D7A0}
	EndGlobalSection
EndGlobal
